<?xml version="1.0" encoding="UTF-8" standalone="yes" ?>
<CodeBlocks_project_file>
	<FileVersion major="1" minor="6" />
	<Project>
		<Option title="Shmup_game" />
		<Option platforms="Windows;Unix;" />
		<Option pch_mode="2" />
		<Option compiler="gcc" />
		<Build>
			<Target title="Debug">
				<Option platforms="Windows;Unix;" />
				<Option output="bin/Debug/Shmup_game" prefix_auto="1" extension_auto="1" />
				<Option working_dir="bin/Debug" />
				<Option object_output="obj/Debug/" />
				<Option type="1" />
				<Option compiler="gcc" />
				<Compiler>
					<Add option="-std=c++1z" />
					<Add option="-m64" />
					<Add option="-g" />
					<Add option="-std=c++17" />
					<Add option="-DDEBUG" />
					<Add directory="../../../APIs/SDL2-2.0.8/include" />
					<Add directory="../../../APIs/glew/include" />
					<Add directory="../../../APIs/FreeImage/Dist/x64" />
					<Add directory="../../../APIs/SDL2_mixer-2.0.2" />
					<Add directory="../../../APIs/glm-0.9.9.2/glm/glm" />
					<Add directory="../../../APIs/SDL2_ttf-2.0.14" />
				</Compiler>
				<Linker>
					<Add option="-m64" />
					<Add option="-lmingw32 -lsdl2main -lsdl2 -lsdl2_mixer" />
					<Add option="-lopengl32 -lglew32 -lfreeimage" />
					<Add option="-lsdl2_ttf -lassimp" />
					<Add directory="../../../APIs/FreeImage/Dist/x64" />
					<Add directory="../../../APIs/SDL2_mixer-2.0.2/build/.libs" />
					<Add directory="../../../APIs/SDL2_ttf-2.0.14/x64" />
				</Linker>
			</Target>
			<Target title="Release">
				<Option output="bin/Release/Shmup_game" prefix_auto="1" extension_auto="1" />
				<Option object_output="obj/Release/" />
				<Option type="1" />
				<Option compiler="gcc" />
				<Compiler>
					<Add option="-O2" />
				</Compiler>
				<Linker>
					<Add option="-s" />
				</Linker>
			</Target>
		</Build>
		<Compiler>
			<Add option="-Wall" />
			<Add option="-fexceptions" />
		</Compiler>
		<Unit filename="AudioSystem.cpp" />
		<Unit filename="AudioSystem.h" />
		<Unit filename="Cursor.cpp" />
		<Unit filename="Cursor.h" />
		<Unit filename="Dragon_SDLGL.cpp" />
		<Unit filename="Dragon_SDLGL.h" />
		<Unit filename="Enemy.cpp" />
		<Unit filename="Enemy.h" />
		<Unit filename="EnemyManager.cpp" />
		<Unit filename="EnemyManager.h" />
		<Unit filename="EnemySpawner.cpp" />
		<Unit filename="EnemySpawner.h" />
		<Unit filename="EventTypes.h" />
		<Unit filename="GL2DElement.cpp" />
		<Unit filename="GL2DElement.h" />
		<Unit filename="GL2DElementArray.cpp" />
		<Unit filename="GL2DElementArray.h" />
		<Unit filename="GLCamera.cpp" />
		<Unit filename="GLCamera.h" />
		<Unit filename="GLModelManager.cpp" />
		<Unit filename="GLModelManager.h" />
		<Unit filename="GLMultilineText.cpp" />
		<Unit filename="GLMultilineText.h" />
		<Unit filename="GLProjectileManager.h" />
		<Unit filename="GLProjectileRenderer.cpp" />
		<Unit filename="GLProjectileRenderer.h" />
		<Unit filename="GLText.cpp" />
		<Unit filename="GLText.h" />
		<Unit filename="GLTextRenderer.h" />
		<Unit filename="GL_Model.cpp" />
		<Unit filename="GL_Model.h" />
		<Unit filename="GL_ProgramManager.cpp" />
		<Unit filename="GL_ProgramManager.h" />
		<Unit filename="GL_Texture.cpp" />
		<Unit filename="GL_Texture.h" />
		<Unit filename="GUIButton.cpp" />
		<Unit filename="GUIButton.h" />
		<Unit filename="GUICheckBox.cpp" />
		<Unit filename="GUICheckBox.h" />
		<Unit filename="GUIElement.cpp" />
		<Unit filename="GUIElement.h" />
		<Unit filename="Game.cpp" />
		<Unit filename="Game.h" />
		<Unit filename="GameEvent.cpp" />
		<Unit filename="GameEvent.h" />
		<Unit filename="Input.cpp" />
		<Unit filename="Input.h" />
		<Unit filename="Level.cpp" />
		<Unit filename="Level.h" />
		<Unit filename="Light.cpp" />
		<Unit filename="Light.h" />
		<Unit filename="Particles.cpp" />
		<Unit filename="Particles.h" />
		<Unit filename="Player.cpp" />
		<Unit filename="Player.h" />
		<Unit filename="Projectile.cpp" />
		<Unit filename="Projectile.h" />
		<Unit filename="ResourceLoader.cpp" />
		<Unit filename="ResourceLoader.h" />
		<Unit filename="collision.cpp" />
		<Unit filename="collision.h" />
		<Unit filename="main.cpp" />
		<Unit filename="ship.cpp" />
		<Unit filename="ship.h" />
		<Extensions>
			<code_completion />
			<envvars />
			<debugger />
			<lib_finder disable_auto="1" />
		</Extensions>
	</Project>
</CodeBlocks_project_file>
